
Microsoft Visual Studio Solution File, Format Version 12.00
# Visual Studio Version 16
VisualStudioVersion = 16.0.31019.35
MinimumVisualStudioVersion = 10.0.40219.1
Project("{FAE04EC0-301F-11D3-BF4B-00C04F79EFBC}") = "210401_NaverMovieFinderApp", "210401_NaverMovieFinderApp\210401_NaverMovieFinderApp.csproj", "{C26DB48F-5E56-490A-ABAF-218B9769E9AD}"
EndProject
Project("{FAE04EC0-301F-11D3-BF4B-00C04F79EFBC}") = "ConsoleNaverMovieFinder", "ConsoleNaverMovieFinder\ConsoleNaverMovieFinder.csproj", "{A9E97754-A69F-4E67-9A0B-F235D8C1C9CE}"
EndProject
Global
	GlobalSection(SolutionConfigurationPlatforms) = preSolution
		Debug|Any CPU = Debug|Any CPU
		Release|Any CPU = Release|Any CPU
	EndGlobalSection
	GlobalSection(ProjectConfigurationPlatforms) = postSolution
		{C26DB48F-5E56-490A-ABAF-218B9769E9AD}.Debug|Any CPU.ActiveCfg = Debug|Any CPU
		{C26DB48F-5E56-490A-ABAF-218B9769E9AD}.Debug|Any CPU.Build.0 = Debug|Any CPU
		{C26DB48F-5E56-490A-ABAF-218B9769E9AD}.Release|Any CPU.ActiveCfg = Release|Any CPU
		{C26DB48F-5E56-490A-ABAF-218B9769E9AD}.Release|Any CPU.Build.0 = Release|Any CPU
		{A9E97754-A69F-4E67-9A0B-F235D8C1C9CE}.Debug|Any CPU.ActiveCfg = Debug|Any CPU
		{A9E97754-A69F-4E67-9A0B-F235D8C1C9CE}.Debug|Any CPU.Build.0 = Debug|Any CPU
		{A9E97754-A69F-4E67-9A0B-F235D8C1C9CE}.Release|Any CPU.ActiveCfg = Release|Any CPU
		{A9E97754-A69F-4E67-9A0B-F235D8C1C9CE}.Release|Any CPU.Build.0 = Release|Any CPU
	EndGlobalSection
	GlobalSection(SolutionProperties) = preSolution
		HideSolutionNode = FALSE
	EndGlobalSection
	GlobalSection(ExtensibilityGlobals) = postSolution
		SolutionGuid = {D79A1623-A7BC-4765-B9B0-676E01F5A034}
	EndGlobalSection
EndGlobal
